
Microsoft Visual Studio Solution File, Format Version 12.00
# Visual Studio 15
VisualStudioVersion = 15.0.26430.6
MinimumVisualStudioVersion = 10.0.40219.1
Project("{2150E333-8FDC-42A3-9474-1A3956D46DE8}") = "biz", "biz", "{536E7C58-756B-42A8-85F2-58C0AA4D95F3}"
EndProject
Project("{2150E333-8FDC-42A3-9474-1A3956D46DE8}") = "dac", "dac", "{0464F027-B428-42E0-B5ED-A2B7078542C3}"
EndProject
Project("{2150E333-8FDC-42A3-9474-1A3956D46DE8}") = "models", "models", "{100DC8D9-B39A-4D43-AB39-B23DB904DAF7}"
EndProject
Project("{2150E333-8FDC-42A3-9474-1A3956D46DE8}") = "service", "service", "{C7753403-6E30-4565-9258-72039A5B3803}"
EndProject
Project("{FAE04EC0-301F-11D3-BF4B-00C04F79EFBC}") = "ExceptionBiz", "ExceptionBiz\ExceptionBiz.csproj", "{EEF90F2E-16D5-41A2-8EA9-4060CDABDEB9}"
EndProject
Project("{FAE04EC0-301F-11D3-BF4B-00C04F79EFBC}") = "HttpHandleBiz", "HttpHandleBiz\HttpHandleBiz.csproj", "{3675D54E-AE39-401D-BAC6-A24CB4BD23F9}"
EndProject
Project("{FAE04EC0-301F-11D3-BF4B-00C04F79EFBC}") = "MainBiz", "MainBiz\MainBiz.csproj", "{20D415D7-86C2-4CBE-85DF-E3E4CAF8B338}"
EndProject
Project("{FAE04EC0-301F-11D3-BF4B-00C04F79EFBC}") = "MainDac", "MainDac\MainDac.csproj", "{821C7BA4-36DB-46FE-A3B8-BCEBE242B03D}"
EndProject
Project("{FAE04EC0-301F-11D3-BF4B-00C04F79EFBC}") = "Order", "Order\Order.csproj", "{77637ED5-FAFB-45DB-AF5A-6E6C5659DB91}"
EndProject
Project("{FAE04EC0-301F-11D3-BF4B-00C04F79EFBC}") = "Product", "Product\Product.csproj", "{C1B3A958-ED4E-450F-94E6-3458800E900A}"
EndProject
Project("{FAE04EC0-301F-11D3-BF4B-00C04F79EFBC}") = "ServiceAuction", "ServiceAuction\ServiceAuction.csproj", "{3679CE98-0531-4AC4-A97C-12E484EC2BD7}"
EndProject
Project("{2150E333-8FDC-42A3-9474-1A3956D46DE8}") = "web", "web", "{08F5A48C-B5A5-4C11-9E21-EC70A3739BE6}"
EndProject
Project("{FAE04EC0-301F-11D3-BF4B-00C04F79EFBC}") = "PartnerAdmin", "PartnerAdmin\PartnerAdmin.csproj", "{7E2C9365-ED3A-496A-9232-037CAFF6E5CC}"
EndProject
Project("{FAE04EC0-301F-11D3-BF4B-00C04F79EFBC}") = "CommonBiz", "CommonBiz\CommonBiz.csproj", "{9CFAF36E-441A-45E7-AB2E-AF1417C0BF6F}"
EndProject
Global
	GlobalSection(SolutionConfigurationPlatforms) = preSolution
		Debug|Any CPU = Debug|Any CPU
		Release|Any CPU = Release|Any CPU
	EndGlobalSection
	GlobalSection(ProjectConfigurationPlatforms) = postSolution
		{EEF90F2E-16D5-41A2-8EA9-4060CDABDEB9}.Debug|Any CPU.ActiveCfg = Debug|Any CPU
		{EEF90F2E-16D5-41A2-8EA9-4060CDABDEB9}.Debug|Any CPU.Build.0 = Debug|Any CPU
		{EEF90F2E-16D5-41A2-8EA9-4060CDABDEB9}.Release|Any CPU.ActiveCfg = Release|Any CPU
		{EEF90F2E-16D5-41A2-8EA9-4060CDABDEB9}.Release|Any CPU.Build.0 = Release|Any CPU
		{3675D54E-AE39-401D-BAC6-A24CB4BD23F9}.Debug|Any CPU.ActiveCfg = Debug|Any CPU
		{3675D54E-AE39-401D-BAC6-A24CB4BD23F9}.Debug|Any CPU.Build.0 = Debug|Any CPU
		{3675D54E-AE39-401D-BAC6-A24CB4BD23F9}.Release|Any CPU.ActiveCfg = Release|Any CPU
		{3675D54E-AE39-401D-BAC6-A24CB4BD23F9}.Release|Any CPU.Build.0 = Release|Any CPU
		{20D415D7-86C2-4CBE-85DF-E3E4CAF8B338}.Debug|Any CPU.ActiveCfg = Debug|Any CPU
		{20D415D7-86C2-4CBE-85DF-E3E4CAF8B338}.Debug|Any CPU.Build.0 = Debug|Any CPU
		{20D415D7-86C2-4CBE-85DF-E3E4CAF8B338}.Release|Any CPU.ActiveCfg = Release|Any CPU
		{20D415D7-86C2-4CBE-85DF-E3E4CAF8B338}.Release|Any CPU.Build.0 = Release|Any CPU
		{821C7BA4-36DB-46FE-A3B8-BCEBE242B03D}.Debug|Any CPU.ActiveCfg = Debug|Any CPU
		{821C7BA4-36DB-46FE-A3B8-BCEBE242B03D}.Debug|Any CPU.Build.0 = Debug|Any CPU
		{821C7BA4-36DB-46FE-A3B8-BCEBE242B03D}.Release|Any CPU.ActiveCfg = Release|Any CPU
		{821C7BA4-36DB-46FE-A3B8-BCEBE242B03D}.Release|Any CPU.Build.0 = Release|Any CPU
		{77637ED5-FAFB-45DB-AF5A-6E6C5659DB91}.Debug|Any CPU.ActiveCfg = Debug|Any CPU
		{77637ED5-FAFB-45DB-AF5A-6E6C5659DB91}.Debug|Any CPU.Build.0 = Debug|Any CPU
		{77637ED5-FAFB-45DB-AF5A-6E6C5659DB91}.Release|Any CPU.ActiveCfg = Release|Any CPU
		{77637ED5-FAFB-45DB-AF5A-6E6C5659DB91}.Release|Any CPU.Build.0 = Release|Any CPU
		{C1B3A958-ED4E-450F-94E6-3458800E900A}.Debug|Any CPU.ActiveCfg = Debug|Any CPU
		{C1B3A958-ED4E-450F-94E6-3458800E900A}.Debug|Any CPU.Build.0 = Debug|Any CPU
		{C1B3A958-ED4E-450F-94E6-3458800E900A}.Release|Any CPU.ActiveCfg = Release|Any CPU
		{C1B3A958-ED4E-450F-94E6-3458800E900A}.Release|Any CPU.Build.0 = Release|Any CPU
		{3679CE98-0531-4AC4-A97C-12E484EC2BD7}.Debug|Any CPU.ActiveCfg = Debug|Any CPU
		{3679CE98-0531-4AC4-A97C-12E484EC2BD7}.Debug|Any CPU.Build.0 = Debug|Any CPU
		{3679CE98-0531-4AC4-A97C-12E484EC2BD7}.Release|Any CPU.ActiveCfg = Release|Any CPU
		{3679CE98-0531-4AC4-A97C-12E484EC2BD7}.Release|Any CPU.Build.0 = Release|Any CPU
		{7E2C9365-ED3A-496A-9232-037CAFF6E5CC}.Debug|Any CPU.ActiveCfg = Debug|Any CPU
		{7E2C9365-ED3A-496A-9232-037CAFF6E5CC}.Debug|Any CPU.Build.0 = Debug|Any CPU
		{7E2C9365-ED3A-496A-9232-037CAFF6E5CC}.Release|Any CPU.ActiveCfg = Release|Any CPU
		{7E2C9365-ED3A-496A-9232-037CAFF6E5CC}.Release|Any CPU.Build.0 = Release|Any CPU
		{9CFAF36E-441A-45E7-AB2E-AF1417C0BF6F}.Debug|Any CPU.ActiveCfg = Debug|Any CPU
		{9CFAF36E-441A-45E7-AB2E-AF1417C0BF6F}.Debug|Any CPU.Build.0 = Debug|Any CPU
		{9CFAF36E-441A-45E7-AB2E-AF1417C0BF6F}.Release|Any CPU.ActiveCfg = Release|Any CPU
		{9CFAF36E-441A-45E7-AB2E-AF1417C0BF6F}.Release|Any CPU.Build.0 = Release|Any CPU
	EndGlobalSection
	GlobalSection(SolutionProperties) = preSolution
		HideSolutionNode = FALSE
	EndGlobalSection
	GlobalSection(NestedProjects) = preSolution
		{EEF90F2E-16D5-41A2-8EA9-4060CDABDEB9} = {536E7C58-756B-42A8-85F2-58C0AA4D95F3}
		{3675D54E-AE39-401D-BAC6-A24CB4BD23F9} = {536E7C58-756B-42A8-85F2-58C0AA4D95F3}
		{20D415D7-86C2-4CBE-85DF-E3E4CAF8B338} = {536E7C58-756B-42A8-85F2-58C0AA4D95F3}
		{821C7BA4-36DB-46FE-A3B8-BCEBE242B03D} = {0464F027-B428-42E0-B5ED-A2B7078542C3}
		{77637ED5-FAFB-45DB-AF5A-6E6C5659DB91} = {100DC8D9-B39A-4D43-AB39-B23DB904DAF7}
		{C1B3A958-ED4E-450F-94E6-3458800E900A} = {100DC8D9-B39A-4D43-AB39-B23DB904DAF7}
		{3679CE98-0531-4AC4-A97C-12E484EC2BD7} = {C7753403-6E30-4565-9258-72039A5B3803}
		{7E2C9365-ED3A-496A-9232-037CAFF6E5CC} = {08F5A48C-B5A5-4C11-9E21-EC70A3739BE6}
		{9CFAF36E-441A-45E7-AB2E-AF1417C0BF6F} = {536E7C58-756B-42A8-85F2-58C0AA4D95F3}
	EndGlobalSection
EndGlobal
